
Microsoft Visual Studio Solution File, Format Version 12.00
# Visual Studio Version 16
VisualStudioVersion = 16.0.31105.61
MinimumVisualStudioVersion = 10.0.40219.1
Project("{FAE04EC0-301F-11D3-BF4B-00C04F79EFBC}") = "PaypalPayment", "PaypalPayment\PaypalPayment.csproj", "{12D28AA0-107A-4A74-A4E1-331BFD5B16DA}"
EndProject
Global
	GlobalSection(SolutionConfigurationPlatforms) = preSolution
		Debug|Any CPU = Debug|Any CPU
		Release|Any CPU = Release|Any CPU
	EndGlobalSection
	GlobalSection(ProjectConfigurationPlatforms) = postSolution
		{12D28AA0-107A-4A74-A4E1-331BFD5B16DA}.Debug|Any CPU.ActiveCfg = Debug|Any CPU
		{12D28AA0-107A-4A74-A4E1-331BFD5B16DA}.Debug|Any CPU.Build.0 = Debug|Any CPU
		{12D28AA0-107A-4A74-A4E1-331BFD5B16DA}.Release|Any CPU.ActiveCfg = Release|Any CPU
		{12D28AA0-107A-4A74-A4E1-331BFD5B16DA}.Release|Any CPU.Build.0 = Release|Any CPU
	EndGlobalSection
	GlobalSection(SolutionProperties) = preSolution
		HideSolutionNode = FALSE
	EndGlobalSection
	GlobalSection(ExtensibilityGlobals) = postSolution
		SolutionGuid = {F749D8FF-2D7B-4283-B39E-CD033C7EE8DB}
	EndGlobalSection
EndGlobal
